
Microsoft Visual Studio Solution File, Format Version 12.00
# Visual Studio Version 17
VisualStudioVersion = 17.14.36414.22
MinimumVisualStudioVersion = 10.0.40219.1
Project("{FAE04EC0-301F-11D3-BF4B-00C04F79EFBC}") = "RAttendanceSystem.Domain", "RAttendanceSystem.Domain\RAttendanceSystem.Domain.csproj", "{CF163CFE-C9C3-4B97-8FC5-88241F894D0E}"
EndProject
Project("{FAE04EC0-301F-11D3-BF4B-00C04F79EFBC}") = "RAttendanceSystem.Infrastructure", "RAttendanceSystem.Infrastructure\RAttendanceSystem.Infrastructure.csproj", "{013C0CE8-2B3F-4FDD-A6E0-954AEEE650FB}"
EndProject
Project("{FAE04EC0-301F-11D3-BF4B-00C04F79EFBC}") = "RAttendanceSystem.Application", "RAttendanceSystem.Application\RAttendanceSystem.Application.csproj", "{DF8FE22C-DCB3-4EC3-8913-E24DFB7EA22A}"
EndProject
Project("{FAE04EC0-301F-11D3-BF4B-00C04F79EFBC}") = "RAttendanceSystem.Api", "RAttendanceSystem.Api\RAttendanceSystem.Api.csproj", "{CF2D32E0-AAE7-4B52-9409-6AC2076BEA86}"
EndProject
Project("{E53339B2-1760-4266-BCC7-CA923CBCF16C}") = "docker-compose", "docker-compose.dcproj", "{81DDED9D-158B-E303-5F62-77A2896D2A5A}"
EndProject
Global
	GlobalSection(SolutionConfigurationPlatforms) = preSolution
		Debug|Any CPU = Debug|Any CPU
		Release|Any CPU = Release|Any CPU
	EndGlobalSection
	GlobalSection(ProjectConfigurationPlatforms) = postSolution
		{CF163CFE-C9C3-4B97-8FC5-88241F894D0E}.Debug|Any CPU.ActiveCfg = Debug|Any CPU
		{CF163CFE-C9C3-4B97-8FC5-88241F894D0E}.Debug|Any CPU.Build.0 = Debug|Any CPU
		{CF163CFE-C9C3-4B97-8FC5-88241F894D0E}.Release|Any CPU.ActiveCfg = Release|Any CPU
		{CF163CFE-C9C3-4B97-8FC5-88241F894D0E}.Release|Any CPU.Build.0 = Release|Any CPU
		{013C0CE8-2B3F-4FDD-A6E0-954AEEE650FB}.Debug|Any CPU.ActiveCfg = Debug|Any CPU
		{013C0CE8-2B3F-4FDD-A6E0-954AEEE650FB}.Debug|Any CPU.Build.0 = Debug|Any CPU
		{013C0CE8-2B3F-4FDD-A6E0-954AEEE650FB}.Release|Any CPU.ActiveCfg = Release|Any CPU
		{013C0CE8-2B3F-4FDD-A6E0-954AEEE650FB}.Release|Any CPU.Build.0 = Release|Any CPU
		{DF8FE22C-DCB3-4EC3-8913-E24DFB7EA22A}.Debug|Any CPU.ActiveCfg = Debug|Any CPU
		{DF8FE22C-DCB3-4EC3-8913-E24DFB7EA22A}.Debug|Any CPU.Build.0 = Debug|Any CPU
		{DF8FE22C-DCB3-4EC3-8913-E24DFB7EA22A}.Release|Any CPU.ActiveCfg = Release|Any CPU
		{DF8FE22C-DCB3-4EC3-8913-E24DFB7EA22A}.Release|Any CPU.Build.0 = Release|Any CPU
		{CF2D32E0-AAE7-4B52-9409-6AC2076BEA86}.Debug|Any CPU.ActiveCfg = Debug|Any CPU
		{CF2D32E0-AAE7-4B52-9409-6AC2076BEA86}.Debug|Any CPU.Build.0 = Debug|Any CPU
		{CF2D32E0-AAE7-4B52-9409-6AC2076BEA86}.Release|Any CPU.ActiveCfg = Release|Any CPU
		{CF2D32E0-AAE7-4B52-9409-6AC2076BEA86}.Release|Any CPU.Build.0 = Release|Any CPU
		{81DDED9D-158B-E303-5F62-77A2896D2A5A}.Debug|Any CPU.ActiveCfg = Debug|Any CPU
		{81DDED9D-158B-E303-5F62-77A2896D2A5A}.Debug|Any CPU.Build.0 = Debug|Any CPU
		{81DDED9D-158B-E303-5F62-77A2896D2A5A}.Release|Any CPU.ActiveCfg = Release|Any CPU
		{81DDED9D-158B-E303-5F62-77A2896D2A5A}.Release|Any CPU.Build.0 = Release|Any CPU
	EndGlobalSection
	GlobalSection(SolutionProperties) = preSolution
		HideSolutionNode = FALSE
	EndGlobalSection
	GlobalSection(ExtensibilityGlobals) = postSolution
		SolutionGuid = {31937E8F-1694-4A3B-9A46-9779815B5073}
	EndGlobalSection
EndGlobal
